
Microsoft Visual Studio Solution File, Format Version 12.00
# Visual Studio 14
VisualStudioVersion = 14.0.25420.1
MinimumVisualStudioVersion = 10.0.40219.1
Project("{FAE04EC0-301F-11D3-BF4B-00C04F79EFBC}") = "SocialcastBot", "SocialcastBot\SocialcastBot.csproj", "{96D0CA18-B59B-47BC-A043-0B112EDBC539}"
EndProject
Project("{FAE04EC0-301F-11D3-BF4B-00C04F79EFBC}") = "DemoBot", "DemoBot\DemoBot.csproj", "{64C78F6B-C1A1-4480-B76C-B5FEBD4E3623}"
EndProject
Global
	GlobalSection(SolutionConfigurationPlatforms) = preSolution
		Debug|Any CPU = Debug|Any CPU
		Release|Any CPU = Release|Any CPU
	EndGlobalSection
	GlobalSection(ProjectConfigurationPlatforms) = postSolution
		{96D0CA18-B59B-47BC-A043-0B112EDBC539}.Debug|Any CPU.ActiveCfg = Debug|Any CPU
		{96D0CA18-B59B-47BC-A043-0B112EDBC539}.Debug|Any CPU.Build.0 = Debug|Any CPU
		{96D0CA18-B59B-47BC-A043-0B112EDBC539}.Release|Any CPU.ActiveCfg = Release|Any CPU
		{96D0CA18-B59B-47BC-A043-0B112EDBC539}.Release|Any CPU.Build.0 = Release|Any CPU
		{64C78F6B-C1A1-4480-B76C-B5FEBD4E3623}.Debug|Any CPU.ActiveCfg = Debug|Any CPU
		{64C78F6B-C1A1-4480-B76C-B5FEBD4E3623}.Debug|Any CPU.Build.0 = Debug|Any CPU
		{64C78F6B-C1A1-4480-B76C-B5FEBD4E3623}.Release|Any CPU.ActiveCfg = Release|Any CPU
		{64C78F6B-C1A1-4480-B76C-B5FEBD4E3623}.Release|Any CPU.Build.0 = Release|Any CPU
	EndGlobalSection
	GlobalSection(SolutionProperties) = preSolution
		HideSolutionNode = FALSE
	EndGlobalSection
EndGlobal
